<Solution>
  <Folder Name="/src/">
    <Project Path="src/Store.API/Store.API.csproj" />
    <Project Path="src/Store.Data/Store.Data.csproj" />
    <Project Path="src/Store.Repository/Store.Repository.csproj" />
    <Project Path="src/Store.Service/Store.Service.csproj" />
  </Folder>
</Solution>
